// !$*UTF8*$!
{
	archiveVersion = 1;
	classes = {
	};
	objectVersion = 50;
	objects = {

/* Begin PBXBuildFile section */
		068686B02121C779006A5D86 /* AppDelegate.swift in Sources */ = {isa = PBXBuildFile; fileRef = 068686AF2121C779006A5D86 /* AppDelegate.swift */; };
		068686B22121C779006A5D86 /* ViewController.swift in Sources */ = {isa = PBXBuildFile; fileRef = 068686B12121C779006A5D86 /* ViewController.swift */; };
		068686B52121C779006A5D86 /* Main.storyboard in Resources */ = {isa = PBXBuildFile; fileRef = 068686B32121C779006A5D86 /* Main.storyboard */; };
		068686B72121C77A006A5D86 /* Assets.xcassets in Resources */ = {isa = PBXBuildFile; fileRef = 068686B62121C77A006A5D86 /* Assets.xcassets */; };
		068686BA2121C77A006A5D86 /* LaunchScreen.storyboard in Resources */ = {isa = PBXBuildFile; fileRef = 068686B82121C77A006A5D86 /* LaunchScreen.storyboard */; };
		068686C52121C77A006A5D86 /* wokeTests.swift in Sources */ = {isa = PBXBuildFile; fileRef = 068686C42121C77A006A5D86 /* wokeTests.swift */; };
		068686D02121C77A006A5D86 /* wokeUITests.swift in Sources */ = {isa = PBXBuildFile; fileRef = 068686CF2121C77A006A5D86 /* wokeUITests.swift */; };
/* End PBXBuildFile section */

/* Begin PBXContainerItemProxy section */
		068686C12121C77A006A5D86 /* PBXContainerItemProxy */ = {
			isa = PBXContainerItemProxy;
			containerPortal = 068686A42121C779006A5D86 /* Project object */;
			proxyType = 1;
			remoteGlobalIDString = 068686AB2121C779006A5D86;
			remoteInfo = woke;
		};
		068686CC2121C77A006A5D86 /* PBXContainerItemProxy */ = {
			isa = PBXContainerItemProxy;
			containerPortal = 068686A42121C779006A5D86 /* Project object */;
			proxyType = 1;
			remoteGlobalIDString = 068686AB2121C779006A5D86;
			remoteInfo = woke;
		};
/* End PBXContainerItemProxy section */

/* Begin PBXFileReference section */
		068686AC2121C779006A5D86 /* woke.app */ = {isa = PBXFileReference; explicitFileType = wrapper.application; includeInIndex = 0; path = woke.app; sourceTree = BUILT_PRODUCTS_DIR; };
		068686AF2121C779006A5D86 /* AppDelegate.swift */ = {isa = PBXFileReference; lastKnownFileType = sourcecode.swift; path = AppDelegate.swift; sourceTree = "<group>"; };
		068686B12121C779006A5D86 /* ViewController.swift */ = {isa = PBXFileReference; lastKnownFileType = sourcecode.swift; path = ViewController.swift; sourceTree = "<group>"; };
		068686B42121C779006A5D86 /* Base */ = {isa = PBXFileReference; lastKnownFileType = file.storyboard; name = Base; path = Base.lproj/Main.storyboard; sourceTree = "<group>"; };
		068686B62121C77A006A5D86 /* Assets.xcassets */ = {isa = PBXFileReference; lastKnownFileType = folder.assetcatalog; path = Assets.xcassets; sourceTree = "<group>"; };
		068686B92121C77A006A5D86 /* Base */ = {isa = PBXFileReference; lastKnownFileType = file.storyboard; name = Base; path = Base.lproj/LaunchScreen.storyboard; sourceTree = "<group>"; };
		068686BB2121C77A006A5D86 /* Info.plist */ = {isa = PBXFileReference; lastKnownFileType = text.plist.xml; path = Info.plist; sourceTree = "<group>"; };
		068686C02121C77A006A5D86 /* wokeTests.xctest */ = {isa = PBXFileReference; explicitFileType = wrapper.cfbundle; includeInIndex = 0; path = wokeTests.xctest; sourceTree = BUILT_PRODUCTS_DIR; };
		068686C42121C77A006A5D86 /* wokeTests.swift */ = {isa = PBXFileReference; lastKnownFileType = sourcecode.swift; path = wokeTests.swift; sourceTree = "<group>"; };
		068686C62121C77A006A5D86 /* Info.plist */ = {isa = PBXFileReference; lastKnownFileType = text.plist.xml; path = Info.plist; sourceTree = "<group>"; };
		068686CB2121C77A006A5D86 /* wokeUITests.xctest */ = {isa = PBXFileReference; explicitFileType = wrapper.cfbundle; includeInIndex = 0; path = wokeUITests.xctest; sourceTree = BUILT_PRODUCTS_DIR; };
		068686CF2121C77A006A5D86 /* wokeUITests.swift */ = {isa = PBXFileReference; lastKnownFileType = sourcecode.swift; path = wokeUITests.swift; sourceTree = "<group>"; };
		068686D12121C77A006A5D86 /* Info.plist */ = {isa = PBXFileReference; lastKnownFileType = text.plist.xml; path = Info.plist; sourceTree = "<group>"; };
/* End PBXFileReference section */

/* Begin PBXFrameworksBuildPhase section */
		068686A92121C779006A5D86 /* Frameworks */ = {
			isa = PBXFrameworksBuildPhase;
			buildActionMask = 2147483647;
			files = (
			);
			runOnlyForDeploymentPostprocessing = 0;
		};
		068686BD2121C77A006A5D86 /* Frameworks */ = {
			isa = PBXFrameworksBuildPhase;
			buildActionMask = 2147483647;
			files = (
			);
			runOnlyForDeploymentPostprocessing = 0;
		};
		068686C82121C77A006A5D86 /* Frameworks */ = {
			isa = PBXFrameworksBuildPhase;
			buildActionMask = 2147483647;
			files = (
			);
			runOnlyForDeploymentPostprocessing = 0;
		};
/* End PBXFrameworksBuildPhase section */

/* Begin PBXGroup section */
		068686A32121C779006A5D86 = {
			isa = PBXGroup;
			children = (
				068686AE2121C779006A5D86 /* woke */,
				068686C32121C77A006A5D86 /* wokeTests */,
				068686CE2121C77A006A5D86 /* wokeUITests */,
				068686AD2121C779006A5D86 /* Products */,
			);
			sourceTree = "<group>";
		};
		068686AD2121C779006A5D86 /* Products */ = {
			isa = PBXGroup;
			children = (
				068686AC2121C779006A5D86 /* woke.app */,
				068686C02121C77A006A5D86 /* wokeTests.xctest */,
				068686CB2121C77A006A5D86 /* wokeUITests.xctest */,
			);
			name = Products;
			sourceTree = "<group>";
		};
		068686AE2121C779006A5D86 /* woke */ = {
			isa = PBXGroup;
			children = (
				068686AF2121C779006A5D86 /* AppDelegate.swift */,
				068686B12121C779006A5D86 /* ViewController.swift */,
				068686B32121C779006A5D86 /* Main.storyboard */,
				068686B62121C77A006A5D86 /* Assets.xcassets */,
				068686B82121C77A006A5D86 /* LaunchScreen.storyboard */,
				068686BB2121C77A006A5D86 /* Info.plist */,
			);
			path = woke;
			sourceTree = "<group>";
		};
		068686C32121C77A006A5D86 /* wokeTests */ = {
			isa = PBXGroup;
			children = (
				068686C42121C77A006A5D86 /* wokeTests.swift */,
				068686C62121C77A006A5D86 /* Info.plist */,
			);
			path = wokeTests;
			sourceTree = "<group>";
		};
		068686CE2121C77A006A5D86 /* wokeUITests */ = {
			isa = PBXGroup;
			children = (
				068686CF2121C77A006A5D86 /* wokeUITests.swift */,
				068686D12121C77A006A5D86 /* Info.plist */,
			);
			path = wokeUITests;
			sourceTree = "<group>";
		};
/* End PBXGroup section */

/* Begin PBXNativeTarget section */
		068686AB2121C779006A5D86 /* woke */ = {
			isa = PBXNativeTarget;
			buildConfigurationList = 068686D42121C77A006A5D86 /* Build configuration list for PBXNativeTarget "woke" */;
			buildPhases = (
				068686A82121C779006A5D86 /* Sources */,
				068686A92121C779006A5D86 /* Frameworks */,
				068686AA2121C779006A5D86 /* Resources */,
			);
			buildRules = (
			);
			dependencies = (
			);
			name = woke;
			productName = woke;
			productReference = 068686AC2121C779006A5D86 /* woke.app */;
			productType = "com.apple.product-type.application";
		};
		068686BF2121C77A006A5D86 /* wokeTests */ = {
			isa = PBXNativeTarget;
			buildConfigurationList = 068686D72121C77A006A5D86 /* Build configuration list for PBXNativeTarget "wokeTests" */;
			buildPhases = (
				068686BC2121C77A006A5D86 /* Sources */,
				068686BD2121C77A006A5D86 /* Frameworks */,
				068686BE2121C77A006A5D86 /* Resources */,
			);
			buildRules = (
			);
			dependencies = (
				068686C22121C77A006A5D86 /* PBXTargetDependency */,
			);
			name = wokeTests;
			productName = wokeTests;
			productReference = 068686C02121C77A006A5D86 /* wokeTests.xctest */;
			productType = "com.apple.product-type.bundle.unit-test";
		};
		068686CA2121C77A006A5D86 /* wokeUITests */ = {
			isa = PBXNativeTarget;
			buildConfigurationList = 068686DA2121C77A006A5D86 /* Build configuration list for PBXNativeTarget "wokeUITests" */;
			buildPhases = (
				068686C72121C77A006A5D86 /* Sources */,
				068686C82121C77A006A5D86 /* Frameworks */,
				068686C92121C77A006A5D86 /* Resources */,
			);
			buildRules = (
			);
			dependencies = (
				068686CD2121C77A006A5D86 /* PBXTargetDependency */,
			);
			name = wokeUITests;
			productName = wokeUITests;
			productReference = 068686CB2121C77A006A5D86 /* wokeUITests.xctest */;
			productType = "com.apple.product-type.bundle.ui-testing";
		};
/* End PBXNativeTarget section */

/* Begin PBXProject section */
		068686A42121C779006A5D86 /* Project object */ = {
			isa = PBXProject;
			attributes = {
				LastSwiftUpdateCheck = 0940;
				LastUpgradeCheck = 0940;
				ORGANIZATIONNAME = "Ahmed Fuad Ali";
				TargetAttributes = {
					068686AB2121C779006A5D86 = {
						CreatedOnToolsVersion = 9.4.1;
					};
					068686BF2121C77A006A5D86 = {
						CreatedOnToolsVersion = 9.4.1;
						TestTargetID = 068686AB2121C779006A5D86;
					};
					068686CA2121C77A006A5D86 = {
						CreatedOnToolsVersion = 9.4.1;
						TestTargetID = 068686AB2121C779006A5D86;
					};
				};
			};
			buildConfigurationList = 068686A72121C779006A5D86 /* Build configuration list for PBXProject "woke" */;
			compatibilityVersion = "Xcode 9.3";
			developmentRegion = en;
			hasScannedForEncodings = 0;
			knownRegions = (
				en,
				Base,
			);
			mainGroup = 068686A32121C779006A5D86;
			productRefGroup = 068686AD2121C779006A5D86 /* Products */;
			projectDirPath = "";
			projectRoot = "";
			targets = (
				068686AB2121C779006A5D86 /* woke */,
				068686BF2121C77A006A5D86 /* wokeTests */,
				068686CA2121C77A006A5D86 /* wokeUITests */,
			);
		};
/* End PBXProject section */

/* Begin PBXResourcesBuildPhase section */
		068686AA2121C779006A5D86 /* Resources */ = {
			isa = PBXResourcesBuildPhase;
			buildActionMask = 2147483647;
			files = (
				068686BA2121C77A006A5D86 /* LaunchScreen.storyboard in Resources */,
				068686B72121C77A006A5D86 /* Assets.xcassets in Resources */,
				068686B52121C779006A5D86 /* Main.storyboard in Resources */,
			);
			runOnlyForDeploymentPostprocessing = 0;
		};
		068686BE2121C77A006A5D86 /* Resources */ = {
			isa = PBXResourcesBuildPhase;
			buildActionMask = 2147483647;
			files = (
			);
			runOnlyForDeploymentPostprocessing = 0;
		};
		068686C92121C77A006A5D86 /* Resources */ = {
			isa = PBXResourcesBuildPhase;
			buildActionMask = 2147483647;
			files = (
			);
			runOnlyForDeploymentPostprocessing = 0;
		};
/* End PBXResourcesBuildPhase section */

/* Begin PBXSourcesBuildPhase section */
		068686A82121C779006A5D86 /* Sources */ = {
			isa = PBXSourcesBuildPhase;
			buildActionMask = 2147483647;
			files = (
				068686B22121C779006A5D86 /* ViewController.swift in Sources */,
				068686B02121C779006A5D86 /* AppDelegate.swift in Sources */,
			);
			runOnlyForDeploymentPostprocessing = 0;
		};
		068686BC2121C77A006A5D86 /* Sources */ = {
			isa = PBXSourcesBuildPhase;
			buildActionMask = 2147483647;
			files = (
				068686C52121C77A006A5D86 /* wokeTests.swift in Sources */,
			);
			runOnlyForDeploymentPostprocessing = 0;
		};
		068686C72121C77A006A5D86 /* Sources */ = {
			isa = PBXSourcesBuildPhase;
			buildActionMask = 2147483647;
			files = (
				068686D02121C77A006A5D86 /* wokeUITests.swift in Sources */,
			);
			runOnlyForDeploymentPostprocessing = 0;
		};
/* End PBXSourcesBuildPhase section */

/* Begin PBXTargetDependency section */
		068686C22121C77A006A5D86 /* PBXTargetDependency */ = {
			isa = PBXTargetDependency;
			target = 068686AB2121C779006A5D86 /* woke */;
			targetProxy = 068686C12121C77A006A5D86 /* PBXContainerItemProxy */;
		};
		068686CD2121C77A006A5D86 /* PBXTargetDependency */ = {
			isa = PBXTargetDependency;
			target = 068686AB2121C779006A5D86 /* woke */;
			targetProxy = 068686CC2121C77A006A5D86 /* PBXContainerItemProxy */;
		};
/* End PBXTargetDependency section */

/* Begin PBXVariantGroup section */
		068686B32121C779006A5D86 /* Main.storyboard */ = {
			isa = PBXVariantGroup;
			children = (
				068686B42121C779006A5D86 /* Base */,
			);
			name = Main.storyboard;
			sourceTree = "<group>";
		};
		068686B82121C77A006A5D86 /* LaunchScreen.storyboard */ = {
			isa = PBXVariantGroup;
			children = (
				068686B92121C77A006A5D86 /* Base */,
			);
			name = LaunchScreen.storyboard;
			sourceTree = "<group>";
		};
/* End PBXVariantGroup section */

/* Begin XCBuildConfiguration section */
		068686D22121C77A006A5D86 /* Debug */ = {
			isa = XCBuildConfiguration;
			buildSettings = {
				ALWAYS_SEARCH_USER_PATHS = NO;
				CLANG_ANALYZER_NONNULL = YES;
				CLANG_ANALYZER_NUMBER_OBJECT_CONVERSION = YES_AGGRESSIVE;
				CLANG_CXX_LANGUAGE_STANDARD = "gnu++14";
				CLANG_CXX_LIBRARY = "libc++";
				CLANG_ENABLE_MODULES = YES;
				CLANG_ENABLE_OBJC_ARC = YES;
				CLANG_ENABLE_OBJC_WEAK = YES;
				CLANG_WARN_BLOCK_CAPTURE_AUTORELEASING = YES;
				CLANG_WARN_BOOL_CONVERSION = YES;
				CLANG_WARN_COMMA = YES;
				CLANG_WARN_CONSTANT_CONVERSION = YES;
				CLANG_WARN_DEPRECATED_OBJC_IMPLEMENTATIONS = YES;
				CLANG_WARN_DIRECT_OBJC_ISA_USAGE = YES_ERROR;
				CLANG_WARN_DOCUMENTATION_COMMENTS = YES;
				CLANG_WARN_EMPTY_BODY = YES;
				CLANG_WARN_ENUM_CONVERSION = YES;
				CLANG_WARN_INFINITE_RECURSION = YES;
				CLANG_WARN_INT_CONVERSION = YES;
				CLANG_WARN_NON_LITERAL_NULL_CONVERSION = YES;
				CLANG_WARN_OBJC_IMPLICIT_RETAIN_SELF = YES;
				CLANG_WARN_OBJC_LITERAL_CONVERSION = YES;
				CLANG_WARN_OBJC_ROOT_CLASS = YES_ERROR;
				CLANG_WARN_RANGE_LOOP_ANALYSIS = YES;
				CLANG_WARN_STRICT_PROTOTYPES = YES;
				CLANG_WARN_SUSPICIOUS_MOVE = YES;
				CLANG_WARN_UNGUARDED_AVAILABILITY = YES_AGGRESSIVE;
				CLANG_WARN_UNREACHABLE_CODE = YES;
				CLANG_WARN__DUPLICATE_METHOD_MATCH = YES;
				CODE_SIGN_IDENTITY = "iPhone Developer";
				COPY_PHASE_STRIP = NO;
				DEBUG_INFORMATION_FORMAT = dwarf;
				ENABLE_STRICT_OBJC_MSGSEND = YES;
				ENABLE_TESTABILITY = YES;
				GCC_C_LANGUAGE_STANDARD = gnu11;
				GCC_DYNAMIC_NO_PIC = NO;
				GCC_NO_COMMON_BLOCKS = YES;
				GCC_OPTIMIZATION_LEVEL = 0;
				GCC_PREPROCESSOR_DEFINITIONS = (
					"DEBUG=1",
					"$(inherited)",
				);
				GCC_WARN_64_TO_32_BIT_CONVERSION = YES;
				GCC_WARN_ABOUT_RETURN_TYPE = YES_ERROR;
				GCC_WARN_UNDECLARED_SELECTOR = YES;
				GCC_WARN_UNINITIALIZED_AUTOS = YES_AGGRESSIVE;
				GCC_WARN_UNUSED_FUNCTION = YES;
				GCC_WARN_UNUSED_VARIABLE = YES;
				IPHONEOS_DEPLOYMENT_TARGET = 11.4;
				MTL_ENABLE_DEBUG_INFO = YES;
				ONLY_ACTIVE_ARCH = YES;
				SDKROOT = iphoneos;
				SWIFT_ACTIVE_COMPILATION_CONDITIONS = DEBUG;
				SWIFT_OPTIMIZATION_LEVEL = "-Onone";
			};
			name = Debug;
		};
		068686D32121C77A006A5D86 /* Release */ = {
			isa = XCBuildConfiguration;
			buildSettings = {
				ALWAYS_SEARCH_USER_PATHS = NO;
				CLANG_ANALYZER_NONNULL = YES;
				CLANG_ANALYZER_NUMBER_OBJECT_CONVERSION = YES_AGGRESSIVE;
				CLANG_CXX_LANGUAGE_STANDARD = "gnu++14";
				CLANG_CXX_LIBRARY = "libc++";
				CLANG_ENABLE_MODULES = YES;
				CLANG_ENABLE_OBJC_ARC = YES;
				CLANG_ENABLE_OBJC_WEAK = YES;
				CLANG_WARN_BLOCK_CAPTURE_AUTORELEASING = YES;
				CLANG_WARN_BOOL_CONVERSION = YES;
				CLANG_WARN_COMMA = YES;
				CLANG_WARN_CONSTANT_CONVERSION = YES;
				CLANG_WARN_DEPRECATED_OBJC_IMPLEMENTATIONS = YES;
				CLANG_WARN_DIRECT_OBJC_ISA_USAGE = YES_ERROR;
				CLANG_WARN_DOCUMENTATION_COMMENTS = YES;
				CLANG_WARN_EMPTY_BODY = YES;
				CLANG_WARN_ENUM_CONVERSION = YES;
				CLANG_WARN_INFINITE_RECURSION = YES;
				CLANG_WARN_INT_CONVERSION = YES;
				CLANG_WARN_NON_LITERAL_NULL_CONVERSION = YES;
				CLANG_WARN_OBJC_IMPLICIT_RETAIN_SELF = YES;
				CLANG_WARN_OBJC_LITERAL_CONVERSION = YES;
				CLANG_WARN_OBJC_ROOT_CLASS = YES_ERROR;
				CLANG_WARN_RANGE_LOOP_ANALYSIS = YES;
				CLANG_WARN_STRICT_PROTOTYPES = YES;
				CLANG_WARN_SUSPICIOUS_MOVE = YES;
				CLANG_WARN_UNGUARDED_AVAILABILITY = YES_AGGRESSIVE;
				CLANG_WARN_UNREACHABLE_CODE = YES;
				CLANG_WARN__DUPLICATE_METHOD_MATCH = YES;
				CODE_SIGN_IDENTITY = "iPhone Developer";
				COPY_PHASE_STRIP = NO;
				DEBUG_INFORMATION_FORMAT = "dwarf-with-dsym";
				ENABLE_NS_ASSERTIONS = NO;
				ENABLE_STRICT_OBJC_MSGSEND = YES;
				GCC_C_LANGUAGE_STANDARD = gnu11;
				GCC_NO_COMMON_BLOCKS = YES;
				GCC_WARN_64_TO_32_BIT_CONVERSION = YES;
				GCC_WARN_ABOUT_RETURN_TYPE = YES_ERROR;
				GCC_WARN_UNDECLARED_SELECTOR = YES;
				GCC_WARN_UNINITIALIZED_AUTOS = YES_AGGRESSIVE;
				GCC_WARN_UNUSED_FUNCTION = YES;
				GCC_WARN_UNUSED_VARIABLE = YES;
				IPHONEOS_DEPLOYMENT_TARGET = 11.4;
				MTL_ENABLE_DEBUG_INFO = NO;
				SDKROOT = iphoneos;
				SWIFT_COMPILATION_MODE = wholemodule;
				SWIFT_OPTIMIZATION_LEVEL = "-O";
				VALIDATE_PRODUCT = YES;
			};
			name = Release;
		};
		068686D52121C77A006A5D86 /* Debug */ = {
			isa = XCBuildConfiguration;
			buildSettings = {
				ASSETCATALOG_COMPILER_APPICON_NAME = AppIcon;
				CODE_SIGN_STYLE = Automatic;
				INFOPLIST_FILE = woke/Info.plist;
				LD_RUNPATH_SEARCH_PATHS = (
					"$(inherited)",
					"@executable_path/Frameworks",
				);
				PRODUCT_BUNDLE_IDENTIFIER = com.fuadali.woke;
				PRODUCT_NAME = "$(TARGET_NAME)";
				SWIFT_VERSION = 4.0;
				TARGETED_DEVICE_FAMILY = "1,2";
			};
			name = Debug;
		};
		068686D62121C77A006A5D86 /* Release */ = {
			isa = XCBuildConfiguration;
			buildSettings = {
				ASSETCATALOG_COMPILER_APPICON_NAME = AppIcon;
				CODE_SIGN_STYLE = Automatic;
				INFOPLIST_FILE = woke/Info.plist;
				LD_RUNPATH_SEARCH_PATHS = (
					"$(inherited)",
					"@executable_path/Frameworks",
				);
				PRODUCT_BUNDLE_IDENTIFIER = com.fuadali.woke;
				PRODUCT_NAME = "$(TARGET_NAME)";
				SWIFT_VERSION = 4.0;
				TARGETED_DEVICE_FAMILY = "1,2";
			};
			name = Release;
		};
		068686D82121C77A006A5D86 /* Debug */ = {
			isa = XCBuildConfiguration;
			buildSettings = {
				ALWAYS_EMBED_SWIFT_STANDARD_LIBRARIES = YES;
				BUNDLE_LOADER = "$(TEST_HOST)";
				CODE_SIGN_STYLE = Automatic;
				INFOPLIST_FILE = wokeTests/Info.plist;
				LD_RUNPATH_SEARCH_PATHS = (
					"$(inherited)",
					"@executable_path/Frameworks",
					"@loader_path/Frameworks",
				);
				PRODUCT_BUNDLE_IDENTIFIER = com.fuadali.wokeTests;
				PRODUCT_NAME = "$(TARGET_NAME)";
				SWIFT_VERSION = 4.0;
				TARGETED_DEVICE_FAMILY = "1,2";
				TEST_HOST = "$(BUILT_PRODUCTS_DIR)/woke.app/woke";
			};
			name = Debug;
		};
		068686D92121C77A006A5D86 /* Release */ = {
			isa = XCBuildConfiguration;
			buildSettings = {
				ALWAYS_EMBED_SWIFT_STANDARD_LIBRARIES = YES;
				BUNDLE_LOADER = "$(TEST_HOST)";
				CODE_SIGN_STYLE = Automatic;
				INFOPLIST_FILE = wokeTests/Info.plist;
				LD_RUNPATH_SEARCH_PATHS = (
					"$(inherited)",
					"@executable_path/Frameworks",
					"@loader_path/Frameworks",
				);
				PRODUCT_BUNDLE_IDENTIFIER = com.fuadali.wokeTests;
				PRODUCT_NAME = "$(TARGET_NAME)";
				SWIFT_VERSION = 4.0;
				TARGETED_DEVICE_FAMILY = "1,2";
				TEST_HOST = "$(BUILT_PRODUCTS_DIR)/woke.app/woke";
			};
			name = Release;
		};
		068686DB2121C77A006A5D86 /* Debug */ = {
			isa = XCBuildConfiguration;
			buildSettings = {
				ALWAYS_EMBED_SWIFT_STANDARD_LIBRARIES = YES;
				CODE_SIGN_STYLE = Automatic;
				INFOPLIST_FILE = wokeUITests/Info.plist;
				LD_RUNPATH_SEARCH_PATHS = (
					"$(inherited)",
					"@executable_path/Frameworks",
					"@loader_path/Frameworks",
				);
				PRODUCT_BUNDLE_IDENTIFIER = com.fuadali.wokeUITests;
				PRODUCT_NAME = "$(TARGET_NAME)";
				SWIFT_VERSION = 4.0;
				TARGETED_DEVICE_FAMILY = "1,2";
				TEST_TARGET_NAME = woke;
			};
			name = Debug;
		};
		068686DC2121C77A006A5D86 /* Release */ = {
			isa = XCBuildConfiguration;
			buildSettings = {
				ALWAYS_EMBED_SWIFT_STANDARD_LIBRARIES = YES;
				CODE_SIGN_STYLE = Automatic;
				INFOPLIST_FILE = wokeUITests/Info.plist;
				LD_RUNPATH_SEARCH_PATHS = (
					"$(inherited)",
					"@executable_path/Frameworks",
					"@loader_path/Frameworks",
				);
				PRODUCT_BUNDLE_IDENTIFIER = com.fuadali.wokeUITests;
				PRODUCT_NAME = "$(TARGET_NAME)";
				SWIFT_VERSION = 4.0;
				TARGETED_DEVICE_FAMILY = "1,2";
				TEST_TARGET_NAME = woke;
			};
			name = Release;
		};
/* End XCBuildConfiguration section */

/* Begin XCConfigurationList section */
		068686A72121C779006A5D86 /* Build configuration list for PBXProject "woke" */ = {
			isa = XCConfigurationList;
			buildConfigurations = (
				068686D22121C77A006A5D86 /* Debug */,
				068686D32121C77A006A5D86 /* Release */,
			);
			defaultConfigurationIsVisible = 0;
			defaultConfigurationName = Release;
		};
		068686D42121C77A006A5D86 /* Build configuration list for PBXNativeTarget "woke" */ = {
			isa = XCConfigurationList;
			buildConfigurations = (
				068686D52121C77A006A5D86 /* Debug */,
				068686D62121C77A006A5D86 /* Release */,
			);
			defaultConfigurationIsVisible = 0;
			defaultConfigurationName = Release;
		};
		068686D72121C77A006A5D86 /* Build configuration list for PBXNativeTarget "wokeTests" */ = {
			isa = XCConfigurationList;
			buildConfigurations = (
				068686D82121C77A006A5D86 /* Debug */,
				068686D92121C77A006A5D86 /* Release */,
			);
			defaultConfigurationIsVisible = 0;
			defaultConfigurationName = Release;
		};
		068686DA2121C77A006A5D86 /* Build configuration list for PBXNativeTarget "wokeUITests" */ = {
			isa = XCConfigurationList;
			buildConfigurations = (
				068686DB2121C77A006A5D86 /* Debug */,
				068686DC2121C77A006A5D86 /* Release */,
			);
			defaultConfigurationIsVisible = 0;
			defaultConfigurationName = Release;
		};
/* End XCConfigurationList section */
	};
	rootObject = 068686A42121C779006A5D86 /* Project object */;
}
